
Microsoft Visual Studio Solution File, Format Version 12.00
# Visual Studio Version 17
VisualStudioVersion = 17.2.32630.192
MinimumVisualStudioVersion = 10.0.40219.1
Project("{9A19103F-16F7-4668-BE54-9A1E7A4F7556}") = "ChristanCrush", "ChristanCrush.csproj", "{A0F3FD5D-703B-4046-BC1A-2E9D5B6B1192}"
EndProject
Project("{FAE04EC0-301F-11D3-BF4B-00C04F79EFBC}") = "ChristanCrush.Tests", "..\ChristanCrush.Tests\ChristanCrush.Tests.csproj", "{B376FCB5-BBFB-4B21-8DBA-AEEF72918E75}"
EndProject
Global
	GlobalSection(SolutionConfigurationPlatforms) = preSolution
		Debug|Any CPU = Debug|Any CPU
		Release|Any CPU = Release|Any CPU
	EndGlobalSection
	GlobalSection(ProjectConfigurationPlatforms) = postSolution
		{A0F3FD5D-703B-4046-BC1A-2E9D5B6B1192}.Debug|Any CPU.ActiveCfg = Debug|Any CPU
		{A0F3FD5D-703B-4046-BC1A-2E9D5B6B1192}.Debug|Any CPU.Build.0 = Debug|Any CPU
		{A0F3FD5D-703B-4046-BC1A-2E9D5B6B1192}.Release|Any CPU.ActiveCfg = Release|Any CPU
		{A0F3FD5D-703B-4046-BC1A-2E9D5B6B1192}.Release|Any CPU.Build.0 = Release|Any CPU
		{B376FCB5-BBFB-4B21-8DBA-AEEF72918E75}.Debug|Any CPU.ActiveCfg = Debug|Any CPU
		{B376FCB5-BBFB-4B21-8DBA-AEEF72918E75}.Debug|Any CPU.Build.0 = Debug|Any CPU
		{B376FCB5-BBFB-4B21-8DBA-AEEF72918E75}.Release|Any CPU.ActiveCfg = Release|Any CPU
		{B376FCB5-BBFB-4B21-8DBA-AEEF72918E75}.Release|Any CPU.Build.0 = Release|Any CPU
	EndGlobalSection
	GlobalSection(SolutionProperties) = preSolution
		HideSolutionNode = FALSE
	EndGlobalSection
	GlobalSection(ExtensibilityGlobals) = postSolution
		SolutionGuid = {719A56C2-3E17-48B4-A3A9-C0C238BA3BF5}
	EndGlobalSection
EndGlobal
